
Microsoft Visual Studio Solution File, Format Version 12.00
# Visual Studio 15
VisualStudioVersion = 15.0.27130.2036
MinimumVisualStudioVersion = 10.0.40219.1
Project("{FAE04EC0-301F-11D3-BF4B-00C04F79EFBC}") = "WebApplication1", "WebApplication1\WebApplication1.csproj", "{18884E9A-401A-40B7-B1DB-E70732D30E72}"
EndProject
Project("{FAE04EC0-301F-11D3-BF4B-00C04F79EFBC}") = "Data", "Data\Data.csproj", "{2B3DA558-7229-4283-9DBC-926516EFC244}"
EndProject
Project("{FAE04EC0-301F-11D3-BF4B-00C04F79EFBC}") = "DAL", "DAL\DAL.csproj", "{810C9BC2-A942-47CC-854D-FBECF644373E}"
EndProject
Project("{FAE04EC0-301F-11D3-BF4B-00C04F79EFBC}") = "BLL", "BLL\BLL.csproj", "{E6F84216-2486-4ACA-AFE9-6D15B872D484}"
EndProject
Project("{FAE04EC0-301F-11D3-BF4B-00C04F79EFBC}") = "Util", "Util\Util.csproj", "{7ACA7DBF-4890-4836-93EC-30B824668331}"
EndProject
Global
	GlobalSection(SolutionConfigurationPlatforms) = preSolution
		Debug|Any CPU = Debug|Any CPU
		Release|Any CPU = Release|Any CPU
	EndGlobalSection
	GlobalSection(ProjectConfigurationPlatforms) = postSolution
		{18884E9A-401A-40B7-B1DB-E70732D30E72}.Debug|Any CPU.ActiveCfg = Debug|Any CPU
		{18884E9A-401A-40B7-B1DB-E70732D30E72}.Debug|Any CPU.Build.0 = Debug|Any CPU
		{18884E9A-401A-40B7-B1DB-E70732D30E72}.Release|Any CPU.ActiveCfg = Release|Any CPU
		{18884E9A-401A-40B7-B1DB-E70732D30E72}.Release|Any CPU.Build.0 = Release|Any CPU
		{2B3DA558-7229-4283-9DBC-926516EFC244}.Debug|Any CPU.ActiveCfg = Debug|Any CPU
		{2B3DA558-7229-4283-9DBC-926516EFC244}.Debug|Any CPU.Build.0 = Debug|Any CPU
		{2B3DA558-7229-4283-9DBC-926516EFC244}.Release|Any CPU.ActiveCfg = Release|Any CPU
		{2B3DA558-7229-4283-9DBC-926516EFC244}.Release|Any CPU.Build.0 = Release|Any CPU
		{810C9BC2-A942-47CC-854D-FBECF644373E}.Debug|Any CPU.ActiveCfg = Debug|Any CPU
		{810C9BC2-A942-47CC-854D-FBECF644373E}.Debug|Any CPU.Build.0 = Debug|Any CPU
		{810C9BC2-A942-47CC-854D-FBECF644373E}.Release|Any CPU.ActiveCfg = Release|Any CPU
		{810C9BC2-A942-47CC-854D-FBECF644373E}.Release|Any CPU.Build.0 = Release|Any CPU
		{E6F84216-2486-4ACA-AFE9-6D15B872D484}.Debug|Any CPU.ActiveCfg = Debug|Any CPU
		{E6F84216-2486-4ACA-AFE9-6D15B872D484}.Debug|Any CPU.Build.0 = Debug|Any CPU
		{E6F84216-2486-4ACA-AFE9-6D15B872D484}.Release|Any CPU.ActiveCfg = Release|Any CPU
		{E6F84216-2486-4ACA-AFE9-6D15B872D484}.Release|Any CPU.Build.0 = Release|Any CPU
		{7ACA7DBF-4890-4836-93EC-30B824668331}.Debug|Any CPU.ActiveCfg = Debug|Any CPU
		{7ACA7DBF-4890-4836-93EC-30B824668331}.Debug|Any CPU.Build.0 = Debug|Any CPU
		{7ACA7DBF-4890-4836-93EC-30B824668331}.Release|Any CPU.ActiveCfg = Release|Any CPU
		{7ACA7DBF-4890-4836-93EC-30B824668331}.Release|Any CPU.Build.0 = Release|Any CPU
	EndGlobalSection
	GlobalSection(SolutionProperties) = preSolution
		HideSolutionNode = FALSE
	EndGlobalSection
	GlobalSection(ExtensibilityGlobals) = postSolution
		SolutionGuid = {08C6111B-9D33-4867-9008-31AEFDAC2EDB}
	EndGlobalSection
EndGlobal
